// !$*UTF8*$!
{
	archiveVersion = 1;
	classes = {
	};
	objectVersion = 48;
	objects = {

/* Begin PBXBuildFile section */
		056C70E51FBB496D00E79CA1 /* AppDelegate.swift in Sources */ = {isa = PBXBuildFile; fileRef = 056C70E41FBB496D00E79CA1 /* AppDelegate.swift */; };
		056C70E71FBB496D00E79CA1 /* ViewController.swift in Sources */ = {isa = PBXBuildFile; fileRef = 056C70E61FBB496D00E79CA1 /* ViewController.swift */; };
		056C70EA1FBB496D00E79CA1 /* Main.storyboard in Resources */ = {isa = PBXBuildFile; fileRef = 056C70E81FBB496D00E79CA1 /* Main.storyboard */; };
		056C70ED1FBB496D00E79CA1 /* eduFresh.xcdatamodeld in Sources */ = {isa = PBXBuildFile; fileRef = 056C70EB1FBB496D00E79CA1 /* eduFresh.xcdatamodeld */; };
		056C70EF1FBB496D00E79CA1 /* Assets.xcassets in Resources */ = {isa = PBXBuildFile; fileRef = 056C70EE1FBB496D00E79CA1 /* Assets.xcassets */; };
		056C70F21FBB496D00E79CA1 /* LaunchScreen.storyboard in Resources */ = {isa = PBXBuildFile; fileRef = 056C70F01FBB496D00E79CA1 /* LaunchScreen.storyboard */; };
		056C70FD1FBB496D00E79CA1 /* eduFreshTests.swift in Sources */ = {isa = PBXBuildFile; fileRef = 056C70FC1FBB496D00E79CA1 /* eduFreshTests.swift */; };
		056C71081FBB496D00E79CA1 /* eduFreshUITests.swift in Sources */ = {isa = PBXBuildFile; fileRef = 056C71071FBB496D00E79CA1 /* eduFreshUITests.swift */; };
		056C71161FBBB37A00E79CA1 /* DocumentsViewController.swift in Sources */ = {isa = PBXBuildFile; fileRef = 056C71151FBBB37A00E79CA1 /* DocumentsViewController.swift */; };
		056C71181FBBB3B500E79CA1 /* DocumentsNavigationViewController.swift in Sources */ = {isa = PBXBuildFile; fileRef = 056C71171FBBB3B500E79CA1 /* DocumentsNavigationViewController.swift */; };
		056C711A1FBBB3C700E79CA1 /* RootTabBarViewController.swift in Sources */ = {isa = PBXBuildFile; fileRef = 056C71191FBBB3C700E79CA1 /* RootTabBarViewController.swift */; };
		056C711E1FBBB40100E79CA1 /* DocumentDetailViewController.swift in Sources */ = {isa = PBXBuildFile; fileRef = 056C711D1FBBB40100E79CA1 /* DocumentDetailViewController.swift */; };
		056C71201FBBB42700E79CA1 /* DocumentDetailNavigationViewController.swift in Sources */ = {isa = PBXBuildFile; fileRef = 056C711F1FBBB42700E79CA1 /* DocumentDetailNavigationViewController.swift */; };
/* End PBXBuildFile section */

/* Begin PBXContainerItemProxy section */
		056C70F91FBB496D00E79CA1 /* PBXContainerItemProxy */ = {
			isa = PBXContainerItemProxy;
			containerPortal = 056C70D91FBB496D00E79CA1 /* Project object */;
			proxyType = 1;
			remoteGlobalIDString = 056C70E01FBB496D00E79CA1;
			remoteInfo = eduFresh;
		};
		056C71041FBB496D00E79CA1 /* PBXContainerItemProxy */ = {
			isa = PBXContainerItemProxy;
			containerPortal = 056C70D91FBB496D00E79CA1 /* Project object */;
			proxyType = 1;
			remoteGlobalIDString = 056C70E01FBB496D00E79CA1;
			remoteInfo = eduFresh;
		};
/* End PBXContainerItemProxy section */

/* Begin PBXFileReference section */
		056C70E11FBB496D00E79CA1 /* eduFresh.app */ = {isa = PBXFileReference; explicitFileType = wrapper.application; includeInIndex = 0; path = eduFresh.app; sourceTree = BUILT_PRODUCTS_DIR; };
		056C70E41FBB496D00E79CA1 /* AppDelegate.swift */ = {isa = PBXFileReference; lastKnownFileType = sourcecode.swift; path = AppDelegate.swift; sourceTree = "<group>"; };
		056C70E61FBB496D00E79CA1 /* ViewController.swift */ = {isa = PBXFileReference; lastKnownFileType = sourcecode.swift; path = ViewController.swift; sourceTree = "<group>"; };
		056C70E91FBB496D00E79CA1 /* Base */ = {isa = PBXFileReference; lastKnownFileType = file.storyboard; name = Base; path = Base.lproj/Main.storyboard; sourceTree = "<group>"; };
		056C70EC1FBB496D00E79CA1 /* eduFresh.xcdatamodel */ = {isa = PBXFileReference; lastKnownFileType = wrapper.xcdatamodel; path = eduFresh.xcdatamodel; sourceTree = "<group>"; };
		056C70EE1FBB496D00E79CA1 /* Assets.xcassets */ = {isa = PBXFileReference; lastKnownFileType = folder.assetcatalog; path = Assets.xcassets; sourceTree = "<group>"; };
		056C70F11FBB496D00E79CA1 /* Base */ = {isa = PBXFileReference; lastKnownFileType = file.storyboard; name = Base; path = Base.lproj/LaunchScreen.storyboard; sourceTree = "<group>"; };
		056C70F31FBB496D00E79CA1 /* Info.plist */ = {isa = PBXFileReference; lastKnownFileType = text.plist.xml; path = Info.plist; sourceTree = "<group>"; };
		056C70F81FBB496D00E79CA1 /* eduFreshTests.xctest */ = {isa = PBXFileReference; explicitFileType = wrapper.cfbundle; includeInIndex = 0; path = eduFreshTests.xctest; sourceTree = BUILT_PRODUCTS_DIR; };
		056C70FC1FBB496D00E79CA1 /* eduFreshTests.swift */ = {isa = PBXFileReference; lastKnownFileType = sourcecode.swift; path = eduFreshTests.swift; sourceTree = "<group>"; };
		056C70FE1FBB496D00E79CA1 /* Info.plist */ = {isa = PBXFileReference; lastKnownFileType = text.plist.xml; path = Info.plist; sourceTree = "<group>"; };
		056C71031FBB496D00E79CA1 /* eduFreshUITests.xctest */ = {isa = PBXFileReference; explicitFileType = wrapper.cfbundle; includeInIndex = 0; path = eduFreshUITests.xctest; sourceTree = BUILT_PRODUCTS_DIR; };
		056C71071FBB496D00E79CA1 /* eduFreshUITests.swift */ = {isa = PBXFileReference; lastKnownFileType = sourcecode.swift; path = eduFreshUITests.swift; sourceTree = "<group>"; };
		056C71091FBB496D00E79CA1 /* Info.plist */ = {isa = PBXFileReference; lastKnownFileType = text.plist.xml; path = Info.plist; sourceTree = "<group>"; };
		056C71151FBBB37A00E79CA1 /* DocumentsViewController.swift */ = {isa = PBXFileReference; lastKnownFileType = sourcecode.swift; path = DocumentsViewController.swift; sourceTree = "<group>"; };
		056C71171FBBB3B500E79CA1 /* DocumentsNavigationViewController.swift */ = {isa = PBXFileReference; lastKnownFileType = sourcecode.swift; path = DocumentsNavigationViewController.swift; sourceTree = "<group>"; };
		056C71191FBBB3C700E79CA1 /* RootTabBarViewController.swift */ = {isa = PBXFileReference; lastKnownFileType = sourcecode.swift; path = RootTabBarViewController.swift; sourceTree = "<group>"; };
		056C711D1FBBB40100E79CA1 /* DocumentDetailViewController.swift */ = {isa = PBXFileReference; lastKnownFileType = sourcecode.swift; path = DocumentDetailViewController.swift; sourceTree = "<group>"; };
		056C711F1FBBB42700E79CA1 /* DocumentDetailNavigationViewController.swift */ = {isa = PBXFileReference; lastKnownFileType = sourcecode.swift; path = DocumentDetailNavigationViewController.swift; sourceTree = "<group>"; };
/* End PBXFileReference section */

/* Begin PBXFrameworksBuildPhase section */
		056C70DE1FBB496D00E79CA1 /* Frameworks */ = {
			isa = PBXFrameworksBuildPhase;
			buildActionMask = 2147483647;
			files = (
			);
			runOnlyForDeploymentPostprocessing = 0;
		};
		056C70F51FBB496D00E79CA1 /* Frameworks */ = {
			isa = PBXFrameworksBuildPhase;
			buildActionMask = 2147483647;
			files = (
			);
			runOnlyForDeploymentPostprocessing = 0;
		};
		056C71001FBB496D00E79CA1 /* Frameworks */ = {
			isa = PBXFrameworksBuildPhase;
			buildActionMask = 2147483647;
			files = (
			);
			runOnlyForDeploymentPostprocessing = 0;
		};
/* End PBXFrameworksBuildPhase section */

/* Begin PBXGroup section */
		056C70D81FBB496D00E79CA1 = {
			isa = PBXGroup;
			children = (
				056C70E31FBB496D00E79CA1 /* eduFresh */,
				056C70FB1FBB496D00E79CA1 /* eduFreshTests */,
				056C71061FBB496D00E79CA1 /* eduFreshUITests */,
				056C70E21FBB496D00E79CA1 /* Products */,
			);
			sourceTree = "<group>";
		};
		056C70E21FBB496D00E79CA1 /* Products */ = {
			isa = PBXGroup;
			children = (
				056C70E11FBB496D00E79CA1 /* eduFresh.app */,
				056C70F81FBB496D00E79CA1 /* eduFreshTests.xctest */,
				056C71031FBB496D00E79CA1 /* eduFreshUITests.xctest */,
			);
			name = Products;
			sourceTree = "<group>";
		};
		056C70E31FBB496D00E79CA1 /* eduFresh */ = {
			isa = PBXGroup;
			children = (
				056C70E41FBB496D00E79CA1 /* AppDelegate.swift */,
				056C70E61FBB496D00E79CA1 /* ViewController.swift */,
				056C711B1FBBB3D400E79CA1 /* View Controller */,
				056C70E81FBB496D00E79CA1 /* Main.storyboard */,
				056C70EE1FBB496D00E79CA1 /* Assets.xcassets */,
				056C70F01FBB496D00E79CA1 /* LaunchScreen.storyboard */,
				056C70F31FBB496D00E79CA1 /* Info.plist */,
				056C70EB1FBB496D00E79CA1 /* eduFresh.xcdatamodeld */,
			);
			path = eduFresh;
			sourceTree = "<group>";
		};
		056C70FB1FBB496D00E79CA1 /* eduFreshTests */ = {
			isa = PBXGroup;
			children = (
				056C70FC1FBB496D00E79CA1 /* eduFreshTests.swift */,
				056C70FE1FBB496D00E79CA1 /* Info.plist */,
			);
			path = eduFreshTests;
			sourceTree = "<group>";
		};
		056C71061FBB496D00E79CA1 /* eduFreshUITests */ = {
			isa = PBXGroup;
			children = (
				056C71071FBB496D00E79CA1 /* eduFreshUITests.swift */,
				056C71091FBB496D00E79CA1 /* Info.plist */,
			);
			path = eduFreshUITests;
			sourceTree = "<group>";
		};
		056C711B1FBBB3D400E79CA1 /* View Controller */ = {
			isa = PBXGroup;
			children = (
				056C71191FBBB3C700E79CA1 /* RootTabBarViewController.swift */,
				056C71211FBBB42C00E79CA1 /* Document Detail View */,
				056C711C1FBBB3E900E79CA1 /* Documents */,
			);
			path = "View Controller";
			sourceTree = "<group>";
		};
		056C711C1FBBB3E900E79CA1 /* Documents */ = {
			isa = PBXGroup;
			children = (
				056C71171FBBB3B500E79CA1 /* DocumentsNavigationViewController.swift */,
				056C71151FBBB37A00E79CA1 /* DocumentsViewController.swift */,
			);
			path = Documents;
			sourceTree = "<group>";
		};
		056C71211FBBB42C00E79CA1 /* Document Detail View */ = {
			isa = PBXGroup;
			children = (
				056C711F1FBBB42700E79CA1 /* DocumentDetailNavigationViewController.swift */,
				056C711D1FBBB40100E79CA1 /* DocumentDetailViewController.swift */,
			);
			path = "Document Detail View";
			sourceTree = "<group>";
		};
/* End PBXGroup section */

/* Begin PBXNativeTarget section */
		056C70E01FBB496D00E79CA1 /* eduFresh */ = {
			isa = PBXNativeTarget;
			buildConfigurationList = 056C710C1FBB496D00E79CA1 /* Build configuration list for PBXNativeTarget "eduFresh" */;
			buildPhases = (
				056C70DD1FBB496D00E79CA1 /* Sources */,
				056C70DE1FBB496D00E79CA1 /* Frameworks */,
				056C70DF1FBB496D00E79CA1 /* Resources */,
			);
			buildRules = (
			);
			dependencies = (
			);
			name = eduFresh;
			productName = eduFresh;
			productReference = 056C70E11FBB496D00E79CA1 /* eduFresh.app */;
			productType = "com.apple.product-type.application";
		};
		056C70F71FBB496D00E79CA1 /* eduFreshTests */ = {
			isa = PBXNativeTarget;
			buildConfigurationList = 056C710F1FBB496D00E79CA1 /* Build configuration list for PBXNativeTarget "eduFreshTests" */;
			buildPhases = (
				056C70F41FBB496D00E79CA1 /* Sources */,
				056C70F51FBB496D00E79CA1 /* Frameworks */,
				056C70F61FBB496D00E79CA1 /* Resources */,
			);
			buildRules = (
			);
			dependencies = (
				056C70FA1FBB496D00E79CA1 /* PBXTargetDependency */,
			);
			name = eduFreshTests;
			productName = eduFreshTests;
			productReference = 056C70F81FBB496D00E79CA1 /* eduFreshTests.xctest */;
			productType = "com.apple.product-type.bundle.unit-test";
		};
		056C71021FBB496D00E79CA1 /* eduFreshUITests */ = {
			isa = PBXNativeTarget;
			buildConfigurationList = 056C71121FBB496D00E79CA1 /* Build configuration list for PBXNativeTarget "eduFreshUITests" */;
			buildPhases = (
				056C70FF1FBB496D00E79CA1 /* Sources */,
				056C71001FBB496D00E79CA1 /* Frameworks */,
				056C71011FBB496D00E79CA1 /* Resources */,
			);
			buildRules = (
			);
			dependencies = (
				056C71051FBB496D00E79CA1 /* PBXTargetDependency */,
			);
			name = eduFreshUITests;
			productName = eduFreshUITests;
			productReference = 056C71031FBB496D00E79CA1 /* eduFreshUITests.xctest */;
			productType = "com.apple.product-type.bundle.ui-testing";
		};
/* End PBXNativeTarget section */

/* Begin PBXProject section */
		056C70D91FBB496D00E79CA1 /* Project object */ = {
			isa = PBXProject;
			attributes = {
				LastSwiftUpdateCheck = 0910;
				LastUpgradeCheck = 0910;
				ORGANIZATIONNAME = "Benoît Frisch";
				TargetAttributes = {
					056C70E01FBB496D00E79CA1 = {
						CreatedOnToolsVersion = 9.1;
						ProvisioningStyle = Automatic;
					};
					056C70F71FBB496D00E79CA1 = {
						CreatedOnToolsVersion = 9.1;
						ProvisioningStyle = Automatic;
						TestTargetID = 056C70E01FBB496D00E79CA1;
					};
					056C71021FBB496D00E79CA1 = {
						CreatedOnToolsVersion = 9.1;
						ProvisioningStyle = Automatic;
						TestTargetID = 056C70E01FBB496D00E79CA1;
					};
				};
			};
			buildConfigurationList = 056C70DC1FBB496D00E79CA1 /* Build configuration list for PBXProject "eduFresh" */;
			compatibilityVersion = "Xcode 8.0";
			developmentRegion = en;
			hasScannedForEncodings = 0;
			knownRegions = (
				en,
				Base,
			);
			mainGroup = 056C70D81FBB496D00E79CA1;
			productRefGroup = 056C70E21FBB496D00E79CA1 /* Products */;
			projectDirPath = "";
			projectRoot = "";
			targets = (
				056C70E01FBB496D00E79CA1 /* eduFresh */,
				056C70F71FBB496D00E79CA1 /* eduFreshTests */,
				056C71021FBB496D00E79CA1 /* eduFreshUITests */,
			);
		};
/* End PBXProject section */

/* Begin PBXResourcesBuildPhase section */
		056C70DF1FBB496D00E79CA1 /* Resources */ = {
			isa = PBXResourcesBuildPhase;
			buildActionMask = 2147483647;
			files = (
				056C70F21FBB496D00E79CA1 /* LaunchScreen.storyboard in Resources */,
				056C70EF1FBB496D00E79CA1 /* Assets.xcassets in Resources */,
				056C70EA1FBB496D00E79CA1 /* Main.storyboard in Resources */,
			);
			runOnlyForDeploymentPostprocessing = 0;
		};
		056C70F61FBB496D00E79CA1 /* Resources */ = {
			isa = PBXResourcesBuildPhase;
			buildActionMask = 2147483647;
			files = (
			);
			runOnlyForDeploymentPostprocessing = 0;
		};
		056C71011FBB496D00E79CA1 /* Resources */ = {
			isa = PBXResourcesBuildPhase;
			buildActionMask = 2147483647;
			files = (
			);
			runOnlyForDeploymentPostprocessing = 0;
		};
/* End PBXResourcesBuildPhase section */

/* Begin PBXSourcesBuildPhase section */
		056C70DD1FBB496D00E79CA1 /* Sources */ = {
			isa = PBXSourcesBuildPhase;
			buildActionMask = 2147483647;
			files = (
				056C71201FBBB42700E79CA1 /* DocumentDetailNavigationViewController.swift in Sources */,
				056C70E71FBB496D00E79CA1 /* ViewController.swift in Sources */,
				056C711E1FBBB40100E79CA1 /* DocumentDetailViewController.swift in Sources */,
				056C71181FBBB3B500E79CA1 /* DocumentsNavigationViewController.swift in Sources */,
				056C71161FBBB37A00E79CA1 /* DocumentsViewController.swift in Sources */,
				056C70E51FBB496D00E79CA1 /* AppDelegate.swift in Sources */,
				056C711A1FBBB3C700E79CA1 /* RootTabBarViewController.swift in Sources */,
				056C70ED1FBB496D00E79CA1 /* eduFresh.xcdatamodeld in Sources */,
			);
			runOnlyForDeploymentPostprocessing = 0;
		};
		056C70F41FBB496D00E79CA1 /* Sources */ = {
			isa = PBXSourcesBuildPhase;
			buildActionMask = 2147483647;
			files = (
				056C70FD1FBB496D00E79CA1 /* eduFreshTests.swift in Sources */,
			);
			runOnlyForDeploymentPostprocessing = 0;
		};
		056C70FF1FBB496D00E79CA1 /* Sources */ = {
			isa = PBXSourcesBuildPhase;
			buildActionMask = 2147483647;
			files = (
				056C71081FBB496D00E79CA1 /* eduFreshUITests.swift in Sources */,
			);
			runOnlyForDeploymentPostprocessing = 0;
		};
/* End PBXSourcesBuildPhase section */

/* Begin PBXTargetDependency section */
		056C70FA1FBB496D00E79CA1 /* PBXTargetDependency */ = {
			isa = PBXTargetDependency;
			target = 056C70E01FBB496D00E79CA1 /* eduFresh */;
			targetProxy = 056C70F91FBB496D00E79CA1 /* PBXContainerItemProxy */;
		};
		056C71051FBB496D00E79CA1 /* PBXTargetDependency */ = {
			isa = PBXTargetDependency;
			target = 056C70E01FBB496D00E79CA1 /* eduFresh */;
			targetProxy = 056C71041FBB496D00E79CA1 /* PBXContainerItemProxy */;
		};
/* End PBXTargetDependency section */

/* Begin PBXVariantGroup section */
		056C70E81FBB496D00E79CA1 /* Main.storyboard */ = {
			isa = PBXVariantGroup;
			children = (
				056C70E91FBB496D00E79CA1 /* Base */,
			);
			name = Main.storyboard;
			sourceTree = "<group>";
		};
		056C70F01FBB496D00E79CA1 /* LaunchScreen.storyboard */ = {
			isa = PBXVariantGroup;
			children = (
				056C70F11FBB496D00E79CA1 /* Base */,
			);
			name = LaunchScreen.storyboard;
			sourceTree = "<group>";
		};
/* End PBXVariantGroup section */

/* Begin XCBuildConfiguration section */
		056C710A1FBB496D00E79CA1 /* Debug */ = {
			isa = XCBuildConfiguration;
			buildSettings = {
				ALWAYS_SEARCH_USER_PATHS = NO;
				CLANG_ANALYZER_NONNULL = YES;
				CLANG_ANALYZER_NUMBER_OBJECT_CONVERSION = YES_AGGRESSIVE;
				CLANG_CXX_LANGUAGE_STANDARD = "gnu++14";
				CLANG_CXX_LIBRARY = "libc++";
				CLANG_ENABLE_MODULES = YES;
				CLANG_ENABLE_OBJC_ARC = YES;
				CLANG_WARN_BLOCK_CAPTURE_AUTORELEASING = YES;
				CLANG_WARN_BOOL_CONVERSION = YES;
				CLANG_WARN_COMMA = YES;
				CLANG_WARN_CONSTANT_CONVERSION = YES;
				CLANG_WARN_DIRECT_OBJC_ISA_USAGE = YES_ERROR;
				CLANG_WARN_DOCUMENTATION_COMMENTS = YES;
				CLANG_WARN_EMPTY_BODY = YES;
				CLANG_WARN_ENUM_CONVERSION = YES;
				CLANG_WARN_INFINITE_RECURSION = YES;
				CLANG_WARN_INT_CONVERSION = YES;
				CLANG_WARN_NON_LITERAL_NULL_CONVERSION = YES;
				CLANG_WARN_OBJC_LITERAL_CONVERSION = YES;
				CLANG_WARN_OBJC_ROOT_CLASS = YES_ERROR;
				CLANG_WARN_RANGE_LOOP_ANALYSIS = YES;
				CLANG_WARN_STRICT_PROTOTYPES = YES;
				CLANG_WARN_SUSPICIOUS_MOVE = YES;
				CLANG_WARN_UNGUARDED_AVAILABILITY = YES_AGGRESSIVE;
				CLANG_WARN_UNREACHABLE_CODE = YES;
				CLANG_WARN__DUPLICATE_METHOD_MATCH = YES;
				CODE_SIGN_IDENTITY = "iPhone Developer";
				COPY_PHASE_STRIP = NO;
				DEBUG_INFORMATION_FORMAT = dwarf;
				ENABLE_STRICT_OBJC_MSGSEND = YES;
				ENABLE_TESTABILITY = YES;
				GCC_C_LANGUAGE_STANDARD = gnu11;
				GCC_DYNAMIC_NO_PIC = NO;
				GCC_NO_COMMON_BLOCKS = YES;
				GCC_OPTIMIZATION_LEVEL = 0;
				GCC_PREPROCESSOR_DEFINITIONS = (
					"DEBUG=1",
					"$(inherited)",
				);
				GCC_WARN_64_TO_32_BIT_CONVERSION = YES;
				GCC_WARN_ABOUT_RETURN_TYPE = YES_ERROR;
				GCC_WARN_UNDECLARED_SELECTOR = YES;
				GCC_WARN_UNINITIALIZED_AUTOS = YES_AGGRESSIVE;
				GCC_WARN_UNUSED_FUNCTION = YES;
				GCC_WARN_UNUSED_VARIABLE = YES;
				IPHONEOS_DEPLOYMENT_TARGET = 11.1;
				MTL_ENABLE_DEBUG_INFO = YES;
				ONLY_ACTIVE_ARCH = YES;
				SDKROOT = iphoneos;
				SWIFT_ACTIVE_COMPILATION_CONDITIONS = DEBUG;
				SWIFT_OPTIMIZATION_LEVEL = "-Onone";
			};
			name = Debug;
		};
		056C710B1FBB496D00E79CA1 /* Release */ = {
			isa = XCBuildConfiguration;
			buildSettings = {
				ALWAYS_SEARCH_USER_PATHS = NO;
				CLANG_ANALYZER_NONNULL = YES;
				CLANG_ANALYZER_NUMBER_OBJECT_CONVERSION = YES_AGGRESSIVE;
				CLANG_CXX_LANGUAGE_STANDARD = "gnu++14";
				CLANG_CXX_LIBRARY = "libc++";
				CLANG_ENABLE_MODULES = YES;
				CLANG_ENABLE_OBJC_ARC = YES;
				CLANG_WARN_BLOCK_CAPTURE_AUTORELEASING = YES;
				CLANG_WARN_BOOL_CONVERSION = YES;
				CLANG_WARN_COMMA = YES;
				CLANG_WARN_CONSTANT_CONVERSION = YES;
				CLANG_WARN_DIRECT_OBJC_ISA_USAGE = YES_ERROR;
				CLANG_WARN_DOCUMENTATION_COMMENTS = YES;
				CLANG_WARN_EMPTY_BODY = YES;
				CLANG_WARN_ENUM_CONVERSION = YES;
				CLANG_WARN_INFINITE_RECURSION = YES;
				CLANG_WARN_INT_CONVERSION = YES;
				CLANG_WARN_NON_LITERAL_NULL_CONVERSION = YES;
				CLANG_WARN_OBJC_LITERAL_CONVERSION = YES;
				CLANG_WARN_OBJC_ROOT_CLASS = YES_ERROR;
				CLANG_WARN_RANGE_LOOP_ANALYSIS = YES;
				CLANG_WARN_STRICT_PROTOTYPES = YES;
				CLANG_WARN_SUSPICIOUS_MOVE = YES;
				CLANG_WARN_UNGUARDED_AVAILABILITY = YES_AGGRESSIVE;
				CLANG_WARN_UNREACHABLE_CODE = YES;
				CLANG_WARN__DUPLICATE_METHOD_MATCH = YES;
				CODE_SIGN_IDENTITY = "iPhone Developer";
				COPY_PHASE_STRIP = NO;
				DEBUG_INFORMATION_FORMAT = "dwarf-with-dsym";
				ENABLE_NS_ASSERTIONS = NO;
				ENABLE_STRICT_OBJC_MSGSEND = YES;
				GCC_C_LANGUAGE_STANDARD = gnu11;
				GCC_NO_COMMON_BLOCKS = YES;
				GCC_WARN_64_TO_32_BIT_CONVERSION = YES;
				GCC_WARN_ABOUT_RETURN_TYPE = YES_ERROR;
				GCC_WARN_UNDECLARED_SELECTOR = YES;
				GCC_WARN_UNINITIALIZED_AUTOS = YES_AGGRESSIVE;
				GCC_WARN_UNUSED_FUNCTION = YES;
				GCC_WARN_UNUSED_VARIABLE = YES;
				IPHONEOS_DEPLOYMENT_TARGET = 11.1;
				MTL_ENABLE_DEBUG_INFO = NO;
				SDKROOT = iphoneos;
				SWIFT_OPTIMIZATION_LEVEL = "-Owholemodule";
				VALIDATE_PRODUCT = YES;
			};
			name = Release;
		};
		056C710D1FBB496D00E79CA1 /* Debug */ = {
			isa = XCBuildConfiguration;
			buildSettings = {
				ASSETCATALOG_COMPILER_APPICON_NAME = AppIcon;
				CODE_SIGN_STYLE = Automatic;
				DEVELOPMENT_TEAM = 82T63N97ZX;
				INFOPLIST_FILE = eduFresh/Info.plist;
				LD_RUNPATH_SEARCH_PATHS = "$(inherited) @executable_path/Frameworks";
				PRODUCT_BUNDLE_IDENTIFIER = lu.fresh.eduFresh;
				PRODUCT_NAME = "$(TARGET_NAME)";
				SWIFT_VERSION = 4.0;
				TARGETED_DEVICE_FAMILY = "1,2";
			};
			name = Debug;
		};
		056C710E1FBB496D00E79CA1 /* Release */ = {
			isa = XCBuildConfiguration;
			buildSettings = {
				ASSETCATALOG_COMPILER_APPICON_NAME = AppIcon;
				CODE_SIGN_STYLE = Automatic;
				DEVELOPMENT_TEAM = 82T63N97ZX;
				INFOPLIST_FILE = eduFresh/Info.plist;
				LD_RUNPATH_SEARCH_PATHS = "$(inherited) @executable_path/Frameworks";
				PRODUCT_BUNDLE_IDENTIFIER = lu.fresh.eduFresh;
				PRODUCT_NAME = "$(TARGET_NAME)";
				SWIFT_VERSION = 4.0;
				TARGETED_DEVICE_FAMILY = "1,2";
			};
			name = Release;
		};
		056C71101FBB496D00E79CA1 /* Debug */ = {
			isa = XCBuildConfiguration;
			buildSettings = {
				ALWAYS_EMBED_SWIFT_STANDARD_LIBRARIES = YES;
				BUNDLE_LOADER = "$(TEST_HOST)";
				CODE_SIGN_STYLE = Automatic;
				DEVELOPMENT_TEAM = 82T63N97ZX;
				INFOPLIST_FILE = eduFreshTests/Info.plist;
				LD_RUNPATH_SEARCH_PATHS = "$(inherited) @executable_path/Frameworks @loader_path/Frameworks";
				PRODUCT_BUNDLE_IDENTIFIER = lu.fresh.eduFreshTests;
				PRODUCT_NAME = "$(TARGET_NAME)";
				SWIFT_VERSION = 4.0;
				TARGETED_DEVICE_FAMILY = "1,2";
				TEST_HOST = "$(BUILT_PRODUCTS_DIR)/eduFresh.app/eduFresh";
			};
			name = Debug;
		};
		056C71111FBB496D00E79CA1 /* Release */ = {
			isa = XCBuildConfiguration;
			buildSettings = {
				ALWAYS_EMBED_SWIFT_STANDARD_LIBRARIES = YES;
				BUNDLE_LOADER = "$(TEST_HOST)";
				CODE_SIGN_STYLE = Automatic;
				DEVELOPMENT_TEAM = 82T63N97ZX;
				INFOPLIST_FILE = eduFreshTests/Info.plist;
				LD_RUNPATH_SEARCH_PATHS = "$(inherited) @executable_path/Frameworks @loader_path/Frameworks";
				PRODUCT_BUNDLE_IDENTIFIER = lu.fresh.eduFreshTests;
				PRODUCT_NAME = "$(TARGET_NAME)";
				SWIFT_VERSION = 4.0;
				TARGETED_DEVICE_FAMILY = "1,2";
				TEST_HOST = "$(BUILT_PRODUCTS_DIR)/eduFresh.app/eduFresh";
			};
			name = Release;
		};
		056C71131FBB496D00E79CA1 /* Debug */ = {
			isa = XCBuildConfiguration;
			buildSettings = {
				ALWAYS_EMBED_SWIFT_STANDARD_LIBRARIES = YES;
				CODE_SIGN_STYLE = Automatic;
				DEVELOPMENT_TEAM = 82T63N97ZX;
				INFOPLIST_FILE = eduFreshUITests/Info.plist;
				LD_RUNPATH_SEARCH_PATHS = "$(inherited) @executable_path/Frameworks @loader_path/Frameworks";
				PRODUCT_BUNDLE_IDENTIFIER = lu.fresh.eduFreshUITests;
				PRODUCT_NAME = "$(TARGET_NAME)";
				SWIFT_VERSION = 4.0;
				TARGETED_DEVICE_FAMILY = "1,2";
				TEST_TARGET_NAME = eduFresh;
			};
			name = Debug;
		};
		056C71141FBB496D00E79CA1 /* Release */ = {
			isa = XCBuildConfiguration;
			buildSettings = {
				ALWAYS_EMBED_SWIFT_STANDARD_LIBRARIES = YES;
				CODE_SIGN_STYLE = Automatic;
				DEVELOPMENT_TEAM = 82T63N97ZX;
				INFOPLIST_FILE = eduFreshUITests/Info.plist;
				LD_RUNPATH_SEARCH_PATHS = "$(inherited) @executable_path/Frameworks @loader_path/Frameworks";
				PRODUCT_BUNDLE_IDENTIFIER = lu.fresh.eduFreshUITests;
				PRODUCT_NAME = "$(TARGET_NAME)";
				SWIFT_VERSION = 4.0;
				TARGETED_DEVICE_FAMILY = "1,2";
				TEST_TARGET_NAME = eduFresh;
			};
			name = Release;
		};
/* End XCBuildConfiguration section */

/* Begin XCConfigurationList section */
		056C70DC1FBB496D00E79CA1 /* Build configuration list for PBXProject "eduFresh" */ = {
			isa = XCConfigurationList;
			buildConfigurations = (
				056C710A1FBB496D00E79CA1 /* Debug */,
				056C710B1FBB496D00E79CA1 /* Release */,
			);
			defaultConfigurationIsVisible = 0;
			defaultConfigurationName = Release;
		};
		056C710C1FBB496D00E79CA1 /* Build configuration list for PBXNativeTarget "eduFresh" */ = {
			isa = XCConfigurationList;
			buildConfigurations = (
				056C710D1FBB496D00E79CA1 /* Debug */,
				056C710E1FBB496D00E79CA1 /* Release */,
			);
			defaultConfigurationIsVisible = 0;
			defaultConfigurationName = Release;
		};
		056C710F1FBB496D00E79CA1 /* Build configuration list for PBXNativeTarget "eduFreshTests" */ = {
			isa = XCConfigurationList;
			buildConfigurations = (
				056C71101FBB496D00E79CA1 /* Debug */,
				056C71111FBB496D00E79CA1 /* Release */,
			);
			defaultConfigurationIsVisible = 0;
			defaultConfigurationName = Release;
		};
		056C71121FBB496D00E79CA1 /* Build configuration list for PBXNativeTarget "eduFreshUITests" */ = {
			isa = XCConfigurationList;
			buildConfigurations = (
				056C71131FBB496D00E79CA1 /* Debug */,
				056C71141FBB496D00E79CA1 /* Release */,
			);
			defaultConfigurationIsVisible = 0;
			defaultConfigurationName = Release;
		};
/* End XCConfigurationList section */

/* Begin XCVersionGroup section */
		056C70EB1FBB496D00E79CA1 /* eduFresh.xcdatamodeld */ = {
			isa = XCVersionGroup;
			children = (
				056C70EC1FBB496D00E79CA1 /* eduFresh.xcdatamodel */,
			);
			currentVersion = 056C70EC1FBB496D00E79CA1 /* eduFresh.xcdatamodel */;
			path = eduFresh.xcdatamodeld;
			sourceTree = "<group>";
			versionGroupType = wrapper.xcdatamodel;
		};
/* End XCVersionGroup section */
	};
	rootObject = 056C70D91FBB496D00E79CA1 /* Project object */;
}
