// !$*UTF8*$!
{
	archiveVersion = 1;
	classes = {
	};
	objectVersion = 48;
	objects = {

/* Begin PBXBuildFile section */
		052982C91FBDE9D2002C0ACA /* coWeaveStack.swift in Sources */ = {isa = PBXBuildFile; fileRef = 052982C81FBDE9D2002C0ACA /* coWeaveStack.swift */; };
		0533C7AF1FBE39A800824753 /* OpenDocumentsTableViewController.swift in Sources */ = {isa = PBXBuildFile; fileRef = 0533C7AE1FBE39A800824753 /* OpenDocumentsTableViewController.swift */; };
		0547AC361FBCC39600432850 /* iOSPhotoEditor.framework in Frameworks */ = {isa = PBXBuildFile; fileRef = 0547AC371FBCC39600432850 /* iOSPhotoEditor.framework */; };
		0547AC381FBCC39900432850 /* Fusuma.framework in Frameworks */ = {isa = PBXBuildFile; fileRef = 0547AC391FBCC39900432850 /* Fusuma.framework */; };
		056C70E51FBB496D00E79CA1 /* AppDelegate.swift in Sources */ = {isa = PBXBuildFile; fileRef = 056C70E41FBB496D00E79CA1 /* AppDelegate.swift */; };
		056C70E71FBB496D00E79CA1 /* ViewController.swift in Sources */ = {isa = PBXBuildFile; fileRef = 056C70E61FBB496D00E79CA1 /* ViewController.swift */; };
		056C70EA1FBB496D00E79CA1 /* Main.storyboard in Resources */ = {isa = PBXBuildFile; fileRef = 056C70E81FBB496D00E79CA1 /* Main.storyboard */; };
		056C70EF1FBB496D00E79CA1 /* Assets.xcassets in Resources */ = {isa = PBXBuildFile; fileRef = 056C70EE1FBB496D00E79CA1 /* Assets.xcassets */; };
		056C70F21FBB496D00E79CA1 /* LaunchScreen.storyboard in Resources */ = {isa = PBXBuildFile; fileRef = 056C70F01FBB496D00E79CA1 /* LaunchScreen.storyboard */; };
		056C70FD1FBB496D00E79CA1 /* coWeaveTests.swift in Sources */ = {isa = PBXBuildFile; fileRef = 056C70FC1FBB496D00E79CA1 /* coWeaveTests.swift */; };
		056C71081FBB496D00E79CA1 /* coWeaveUITests.swift in Sources */ = {isa = PBXBuildFile; fileRef = 056C71071FBB496D00E79CA1 /* coWeaveUITests.swift */; };
		056C71161FBBB37A00E79CA1 /* DocumentsViewController.swift in Sources */ = {isa = PBXBuildFile; fileRef = 056C71151FBBB37A00E79CA1 /* DocumentsViewController.swift */; };
		056C71181FBBB3B500E79CA1 /* DocumentsNavigationViewController.swift in Sources */ = {isa = PBXBuildFile; fileRef = 056C71171FBBB3B500E79CA1 /* DocumentsNavigationViewController.swift */; };
		056C711A1FBBB3C700E79CA1 /* RootTabBarViewController.swift in Sources */ = {isa = PBXBuildFile; fileRef = 056C71191FBBB3C700E79CA1 /* RootTabBarViewController.swift */; };
		056C711E1FBBB40100E79CA1 /* DocumentDetailViewController.swift in Sources */ = {isa = PBXBuildFile; fileRef = 056C711D1FBBB40100E79CA1 /* DocumentDetailViewController.swift */; };
		056C71201FBBB42700E79CA1 /* DocumentDetailNavigationViewController.swift in Sources */ = {isa = PBXBuildFile; fileRef = 056C711F1FBBB42700E79CA1 /* DocumentDetailNavigationViewController.swift */; };
		056C71231FBBB83D00E79CA1 /* Podfile in Resources */ = {isa = PBXBuildFile; fileRef = 056C71221FBBB83D00E79CA1 /* Podfile */; };
		056C71271FBBC1B200E79CA1 /* AudioRecordViewController.swift in Sources */ = {isa = PBXBuildFile; fileRef = 056C71261FBBC1B200E79CA1 /* AudioRecordViewController.swift */; };
		05D659251FBCDB61009019A9 /* coWeave.xcdatamodeld in Sources */ = {isa = PBXBuildFile; fileRef = 05D659231FBCDB61009019A9 /* coWeave.xcdatamodeld */; };
		05F70E431FBCF1FB007FD9E4 /* Document+CoreDataClass.swift in Sources */ = {isa = PBXBuildFile; fileRef = 05F70E391FBCF1FB007FD9E4 /* Document+CoreDataClass.swift */; };
		05F70E441FBCF1FB007FD9E4 /* Document+CoreDataProperties.swift in Sources */ = {isa = PBXBuildFile; fileRef = 05F70E3A1FBCF1FB007FD9E4 /* Document+CoreDataProperties.swift */; };
		05F70E451FBCF1FB007FD9E4 /* Image+CoreDataClass.swift in Sources */ = {isa = PBXBuildFile; fileRef = 05F70E3B1FBCF1FB007FD9E4 /* Image+CoreDataClass.swift */; };
		05F70E461FBCF1FB007FD9E4 /* Image+CoreDataProperties.swift in Sources */ = {isa = PBXBuildFile; fileRef = 05F70E3C1FBCF1FB007FD9E4 /* Image+CoreDataProperties.swift */; };
		05F70E471FBCF1FB007FD9E4 /* Page+CoreDataClass.swift in Sources */ = {isa = PBXBuildFile; fileRef = 05F70E3D1FBCF1FB007FD9E4 /* Page+CoreDataClass.swift */; };
		05F70E481FBCF1FB007FD9E4 /* Page+CoreDataProperties.swift in Sources */ = {isa = PBXBuildFile; fileRef = 05F70E3E1FBCF1FB007FD9E4 /* Page+CoreDataProperties.swift */; };
		05F70E491FBCF1FB007FD9E4 /* Group+CoreDataClass.swift in Sources */ = {isa = PBXBuildFile; fileRef = 05F70E3F1FBCF1FB007FD9E4 /* Group+CoreDataClass.swift */; };
		05F70E4A1FBCF1FB007FD9E4 /* Group+CoreDataProperties.swift in Sources */ = {isa = PBXBuildFile; fileRef = 05F70E401FBCF1FB007FD9E4 /* Group+CoreDataProperties.swift */; };
		05F70E4B1FBCF1FB007FD9E4 /* User+CoreDataClass.swift in Sources */ = {isa = PBXBuildFile; fileRef = 05F70E411FBCF1FB007FD9E4 /* User+CoreDataClass.swift */; };
		05F70E4C1FBCF1FB007FD9E4 /* User+CoreDataProperties.swift in Sources */ = {isa = PBXBuildFile; fileRef = 05F70E421FBCF1FB007FD9E4 /* User+CoreDataProperties.swift */; };
		7B297A1433D45FB708AC36D2 /* Pods_coWeave.framework in Frameworks */ = {isa = PBXBuildFile; fileRef = 0547AC351FBCC39200432850 /* Pods_coWeave.framework */; };
/* End PBXBuildFile section */

/* Begin PBXContainerItemProxy section */
		056C70F91FBB496D00E79CA1 /* PBXContainerItemProxy */ = {
			isa = PBXContainerItemProxy;
			containerPortal = 056C70D91FBB496D00E79CA1 /* Project object */;
			proxyType = 1;
			remoteGlobalIDString = 056C70E01FBB496D00E79CA1;
			remoteInfo = eduFresh;
		};
		056C71041FBB496D00E79CA1 /* PBXContainerItemProxy */ = {
			isa = PBXContainerItemProxy;
			containerPortal = 056C70D91FBB496D00E79CA1 /* Project object */;
			proxyType = 1;
			remoteGlobalIDString = 056C70E01FBB496D00E79CA1;
			remoteInfo = eduFresh;
		};
/* End PBXContainerItemProxy section */

/* Begin PBXFileReference section */
		052982C81FBDE9D2002C0ACA /* coWeaveStack.swift */ = {isa = PBXFileReference; lastKnownFileType = sourcecode.swift; path = coWeaveStack.swift; sourceTree = "<group>"; };
		052982CB1FBE0F2A002C0ACA /* coWeave 2.xcdatamodel */ = {isa = PBXFileReference; lastKnownFileType = wrapper.xcdatamodel; path = "coWeave 2.xcdatamodel"; sourceTree = "<group>"; };
		0533C7AE1FBE39A800824753 /* OpenDocumentsTableViewController.swift */ = {isa = PBXFileReference; lastKnownFileType = sourcecode.swift; path = OpenDocumentsTableViewController.swift; sourceTree = "<group>"; };
		0547AC351FBCC39200432850 /* Pods_coWeave.framework */ = {isa = PBXFileReference; explicitFileType = wrapper.framework; path = Pods_coWeave.framework; sourceTree = BUILT_PRODUCTS_DIR; };
		0547AC371FBCC39600432850 /* iOSPhotoEditor.framework */ = {isa = PBXFileReference; explicitFileType = wrapper.framework; path = iOSPhotoEditor.framework; sourceTree = BUILT_PRODUCTS_DIR; };
		0547AC391FBCC39900432850 /* Fusuma.framework */ = {isa = PBXFileReference; explicitFileType = wrapper.framework; path = Fusuma.framework; sourceTree = BUILT_PRODUCTS_DIR; };
		056C70E11FBB496D00E79CA1 /* coWeave.app */ = {isa = PBXFileReference; explicitFileType = wrapper.application; includeInIndex = 0; path = coWeave.app; sourceTree = BUILT_PRODUCTS_DIR; };
		056C70E41FBB496D00E79CA1 /* AppDelegate.swift */ = {isa = PBXFileReference; lastKnownFileType = sourcecode.swift; path = AppDelegate.swift; sourceTree = "<group>"; };
		056C70E61FBB496D00E79CA1 /* ViewController.swift */ = {isa = PBXFileReference; lastKnownFileType = sourcecode.swift; path = ViewController.swift; sourceTree = "<group>"; };
		056C70E91FBB496D00E79CA1 /* Base */ = {isa = PBXFileReference; lastKnownFileType = file.storyboard; name = Base; path = Base.lproj/Main.storyboard; sourceTree = "<group>"; };
		056C70EE1FBB496D00E79CA1 /* Assets.xcassets */ = {isa = PBXFileReference; lastKnownFileType = folder.assetcatalog; path = Assets.xcassets; sourceTree = "<group>"; };
		056C70F11FBB496D00E79CA1 /* Base */ = {isa = PBXFileReference; lastKnownFileType = file.storyboard; name = Base; path = Base.lproj/LaunchScreen.storyboard; sourceTree = "<group>"; };
		056C70F31FBB496D00E79CA1 /* Info.plist */ = {isa = PBXFileReference; lastKnownFileType = text.plist.xml; path = Info.plist; sourceTree = "<group>"; };
		056C70F81FBB496D00E79CA1 /* coWeaveTests.xctest */ = {isa = PBXFileReference; explicitFileType = wrapper.cfbundle; includeInIndex = 0; path = coWeaveTests.xctest; sourceTree = BUILT_PRODUCTS_DIR; };
		056C70FC1FBB496D00E79CA1 /* coWeaveTests.swift */ = {isa = PBXFileReference; lastKnownFileType = sourcecode.swift; path = coWeaveTests.swift; sourceTree = "<group>"; };
		056C70FE1FBB496D00E79CA1 /* Info.plist */ = {isa = PBXFileReference; lastKnownFileType = text.plist.xml; path = Info.plist; sourceTree = "<group>"; };
		056C71031FBB496D00E79CA1 /* coWeaveUITests.xctest */ = {isa = PBXFileReference; explicitFileType = wrapper.cfbundle; includeInIndex = 0; path = coWeaveUITests.xctest; sourceTree = BUILT_PRODUCTS_DIR; };
		056C71071FBB496D00E79CA1 /* coWeaveUITests.swift */ = {isa = PBXFileReference; lastKnownFileType = sourcecode.swift; path = coWeaveUITests.swift; sourceTree = "<group>"; };
		056C71091FBB496D00E79CA1 /* Info.plist */ = {isa = PBXFileReference; lastKnownFileType = text.plist.xml; path = Info.plist; sourceTree = "<group>"; };
		056C71151FBBB37A00E79CA1 /* DocumentsViewController.swift */ = {isa = PBXFileReference; lastKnownFileType = sourcecode.swift; path = DocumentsViewController.swift; sourceTree = "<group>"; };
		056C71171FBBB3B500E79CA1 /* DocumentsNavigationViewController.swift */ = {isa = PBXFileReference; lastKnownFileType = sourcecode.swift; path = DocumentsNavigationViewController.swift; sourceTree = "<group>"; };
		056C71191FBBB3C700E79CA1 /* RootTabBarViewController.swift */ = {isa = PBXFileReference; lastKnownFileType = sourcecode.swift; path = RootTabBarViewController.swift; sourceTree = "<group>"; };
		056C711D1FBBB40100E79CA1 /* DocumentDetailViewController.swift */ = {isa = PBXFileReference; lastKnownFileType = sourcecode.swift; path = DocumentDetailViewController.swift; sourceTree = "<group>"; };
		056C711F1FBBB42700E79CA1 /* DocumentDetailNavigationViewController.swift */ = {isa = PBXFileReference; lastKnownFileType = sourcecode.swift; path = DocumentDetailNavigationViewController.swift; sourceTree = "<group>"; };
		056C71221FBBB83D00E79CA1 /* Podfile */ = {isa = PBXFileReference; fileEncoding = 4; lastKnownFileType = text; path = Podfile; sourceTree = "<group>"; xcLanguageSpecificationIdentifier = xcode.lang.ruby; };
		056C71261FBBC1B200E79CA1 /* AudioRecordViewController.swift */ = {isa = PBXFileReference; lastKnownFileType = sourcecode.swift; path = AudioRecordViewController.swift; sourceTree = "<group>"; };
		05D659241FBCDB61009019A9 /* coWeave1.xcdatamodel */ = {isa = PBXFileReference; lastKnownFileType = wrapper.xcdatamodel; path = coWeave1.xcdatamodel; sourceTree = "<group>"; };
		05F70E391FBCF1FB007FD9E4 /* Document+CoreDataClass.swift */ = {isa = PBXFileReference; lastKnownFileType = sourcecode.swift; path = "Document+CoreDataClass.swift"; sourceTree = "<group>"; };
		05F70E3A1FBCF1FB007FD9E4 /* Document+CoreDataProperties.swift */ = {isa = PBXFileReference; lastKnownFileType = sourcecode.swift; path = "Document+CoreDataProperties.swift"; sourceTree = "<group>"; };
		05F70E3B1FBCF1FB007FD9E4 /* Image+CoreDataClass.swift */ = {isa = PBXFileReference; lastKnownFileType = sourcecode.swift; path = "Image+CoreDataClass.swift"; sourceTree = "<group>"; };
		05F70E3C1FBCF1FB007FD9E4 /* Image+CoreDataProperties.swift */ = {isa = PBXFileReference; lastKnownFileType = sourcecode.swift; path = "Image+CoreDataProperties.swift"; sourceTree = "<group>"; };
		05F70E3D1FBCF1FB007FD9E4 /* Page+CoreDataClass.swift */ = {isa = PBXFileReference; lastKnownFileType = sourcecode.swift; path = "Page+CoreDataClass.swift"; sourceTree = "<group>"; };
		05F70E3E1FBCF1FB007FD9E4 /* Page+CoreDataProperties.swift */ = {isa = PBXFileReference; lastKnownFileType = sourcecode.swift; path = "Page+CoreDataProperties.swift"; sourceTree = "<group>"; };
		05F70E3F1FBCF1FB007FD9E4 /* Group+CoreDataClass.swift */ = {isa = PBXFileReference; lastKnownFileType = sourcecode.swift; path = "Group+CoreDataClass.swift"; sourceTree = "<group>"; };
		05F70E401FBCF1FB007FD9E4 /* Group+CoreDataProperties.swift */ = {isa = PBXFileReference; lastKnownFileType = sourcecode.swift; path = "Group+CoreDataProperties.swift"; sourceTree = "<group>"; };
		05F70E411FBCF1FB007FD9E4 /* User+CoreDataClass.swift */ = {isa = PBXFileReference; lastKnownFileType = sourcecode.swift; path = "User+CoreDataClass.swift"; sourceTree = "<group>"; };
		05F70E421FBCF1FB007FD9E4 /* User+CoreDataProperties.swift */ = {isa = PBXFileReference; lastKnownFileType = sourcecode.swift; path = "User+CoreDataProperties.swift"; sourceTree = "<group>"; };
		2B4B8229BD6A7CAE0079CD1D /* Pods_coWeave.framework */ = {isa = PBXFileReference; explicitFileType = wrapper.framework; includeInIndex = 0; path = Pods_coWeave.framework; sourceTree = BUILT_PRODUCTS_DIR; };
		4A67D0AC5A03BF14CCF6EB1D /* Pods-coWeave.release.xcconfig */ = {isa = PBXFileReference; includeInIndex = 1; lastKnownFileType = text.xcconfig; name = "Pods-coWeave.release.xcconfig"; path = "Pods/Target Support Files/Pods-coWeave/Pods-coWeave.release.xcconfig"; sourceTree = "<group>"; };
		E7977491B759A23494D3945D /* Pods-coWeave.debug.xcconfig */ = {isa = PBXFileReference; includeInIndex = 1; lastKnownFileType = text.xcconfig; name = "Pods-coWeave.debug.xcconfig"; path = "Pods/Target Support Files/Pods-coWeave/Pods-coWeave.debug.xcconfig"; sourceTree = "<group>"; };
/* End PBXFileReference section */

/* Begin PBXFrameworksBuildPhase section */
		056C70DE1FBB496D00E79CA1 /* Frameworks */ = {
			isa = PBXFrameworksBuildPhase;
			buildActionMask = 2147483647;
			files = (
				0547AC381FBCC39900432850 /* Fusuma.framework in Frameworks */,
				0547AC361FBCC39600432850 /* iOSPhotoEditor.framework in Frameworks */,
				7B297A1433D45FB708AC36D2 /* Pods_coWeave.framework in Frameworks */,
			);
			runOnlyForDeploymentPostprocessing = 0;
		};
		056C70F51FBB496D00E79CA1 /* Frameworks */ = {
			isa = PBXFrameworksBuildPhase;
			buildActionMask = 2147483647;
			files = (
			);
			runOnlyForDeploymentPostprocessing = 0;
		};
		056C71001FBB496D00E79CA1 /* Frameworks */ = {
			isa = PBXFrameworksBuildPhase;
			buildActionMask = 2147483647;
			files = (
			);
			runOnlyForDeploymentPostprocessing = 0;
		};
/* End PBXFrameworksBuildPhase section */

/* Begin PBXGroup section */
		052982CA1FBDE9D6002C0ACA /* Helper */ = {
			isa = PBXGroup;
			children = (
				052982C81FBDE9D2002C0ACA /* coWeaveStack.swift */,
			);
			path = Helper;
			sourceTree = "<group>";
		};
		056C70D81FBB496D00E79CA1 = {
			isa = PBXGroup;
			children = (
				056C71221FBBB83D00E79CA1 /* Podfile */,
				056C70E31FBB496D00E79CA1 /* coWeave */,
				056C70FB1FBB496D00E79CA1 /* coWeaveTests */,
				056C71061FBB496D00E79CA1 /* coWeaveUITests */,
				056C70E21FBB496D00E79CA1 /* Products */,
				704CB1AFE17917C850FFCB55 /* Pods */,
				FAEF7FE42CBCC25352F453F3 /* Frameworks */,
			);
			sourceTree = "<group>";
		};
		056C70E21FBB496D00E79CA1 /* Products */ = {
			isa = PBXGroup;
			children = (
				056C70E11FBB496D00E79CA1 /* coWeave.app */,
				056C70F81FBB496D00E79CA1 /* coWeaveTests.xctest */,
				056C71031FBB496D00E79CA1 /* coWeaveUITests.xctest */,
			);
			name = Products;
			sourceTree = "<group>";
		};
		056C70E31FBB496D00E79CA1 /* coWeave */ = {
			isa = PBXGroup;
			children = (
				056C70E41FBB496D00E79CA1 /* AppDelegate.swift */,
				056C70E61FBB496D00E79CA1 /* ViewController.swift */,
				052982CA1FBDE9D6002C0ACA /* Helper */,
				05D6593A1FBCDBC1009019A9 /* Model */,
				056C711B1FBBB3D400E79CA1 /* View Controller */,
				056C70E81FBB496D00E79CA1 /* Main.storyboard */,
				056C70EE1FBB496D00E79CA1 /* Assets.xcassets */,
				056C70F01FBB496D00E79CA1 /* LaunchScreen.storyboard */,
				056C70F31FBB496D00E79CA1 /* Info.plist */,
				05D659231FBCDB61009019A9 /* coWeave.xcdatamodeld */,
			);
			path = coWeave;
			sourceTree = "<group>";
		};
		056C70FB1FBB496D00E79CA1 /* coWeaveTests */ = {
			isa = PBXGroup;
			children = (
				056C70FC1FBB496D00E79CA1 /* coWeaveTests.swift */,
				056C70FE1FBB496D00E79CA1 /* Info.plist */,
			);
			path = coWeaveTests;
			sourceTree = "<group>";
		};
		056C71061FBB496D00E79CA1 /* coWeaveUITests */ = {
			isa = PBXGroup;
			children = (
				056C71071FBB496D00E79CA1 /* coWeaveUITests.swift */,
				056C71091FBB496D00E79CA1 /* Info.plist */,
			);
			path = coWeaveUITests;
			sourceTree = "<group>";
		};
		056C711B1FBBB3D400E79CA1 /* View Controller */ = {
			isa = PBXGroup;
			children = (
				056C71191FBBB3C700E79CA1 /* RootTabBarViewController.swift */,
				0533C7AE1FBE39A800824753 /* OpenDocumentsTableViewController.swift */,
				056C71211FBBB42C00E79CA1 /* Document Detail View */,
				056C711C1FBBB3E900E79CA1 /* Documents */,
			);
			path = "View Controller";
			sourceTree = "<group>";
		};
		056C711C1FBBB3E900E79CA1 /* Documents */ = {
			isa = PBXGroup;
			children = (
				056C71171FBBB3B500E79CA1 /* DocumentsNavigationViewController.swift */,
				056C71151FBBB37A00E79CA1 /* DocumentsViewController.swift */,
			);
			path = Documents;
			sourceTree = "<group>";
		};
		056C71211FBBB42C00E79CA1 /* Document Detail View */ = {
			isa = PBXGroup;
			children = (
				056C711F1FBBB42700E79CA1 /* DocumentDetailNavigationViewController.swift */,
				056C711D1FBBB40100E79CA1 /* DocumentDetailViewController.swift */,
				056C71261FBBC1B200E79CA1 /* AudioRecordViewController.swift */,
			);
			path = "Document Detail View";
			sourceTree = "<group>";
		};
		05D6593A1FBCDBC1009019A9 /* Model */ = {
			isa = PBXGroup;
			children = (
				05D6594F1FBCDBF1009019A9 /* Document */,
				05D659531FBCDC0F009019A9 /* Page */,
				05D659501FBCDBF8009019A9 /* Image */,
				05D659511FBCDC02009019A9 /* Group */,
				05D659521FBCDC08009019A9 /* User */,
			);
			name = Model;
			path = "New Group";
			sourceTree = "<group>";
		};
		05D6594F1FBCDBF1009019A9 /* Document */ = {
			isa = PBXGroup;
			children = (
				05F70E391FBCF1FB007FD9E4 /* Document+CoreDataClass.swift */,
				05F70E3A1FBCF1FB007FD9E4 /* Document+CoreDataProperties.swift */,
			);
			path = Document;
			sourceTree = "<group>";
		};
		05D659501FBCDBF8009019A9 /* Image */ = {
			isa = PBXGroup;
			children = (
				05F70E3B1FBCF1FB007FD9E4 /* Image+CoreDataClass.swift */,
				05F70E3C1FBCF1FB007FD9E4 /* Image+CoreDataProperties.swift */,
			);
			path = Image;
			sourceTree = "<group>";
		};
		05D659511FBCDC02009019A9 /* Group */ = {
			isa = PBXGroup;
			children = (
				05F70E3F1FBCF1FB007FD9E4 /* Group+CoreDataClass.swift */,
				05F70E401FBCF1FB007FD9E4 /* Group+CoreDataProperties.swift */,
			);
			path = Group;
			sourceTree = "<group>";
		};
		05D659521FBCDC08009019A9 /* User */ = {
			isa = PBXGroup;
			children = (
				05F70E411FBCF1FB007FD9E4 /* User+CoreDataClass.swift */,
				05F70E421FBCF1FB007FD9E4 /* User+CoreDataProperties.swift */,
			);
			path = User;
			sourceTree = "<group>";
		};
		05D659531FBCDC0F009019A9 /* Page */ = {
			isa = PBXGroup;
			children = (
				05F70E3D1FBCF1FB007FD9E4 /* Page+CoreDataClass.swift */,
				05F70E3E1FBCF1FB007FD9E4 /* Page+CoreDataProperties.swift */,
			);
			path = Page;
			sourceTree = "<group>";
		};
		704CB1AFE17917C850FFCB55 /* Pods */ = {
			isa = PBXGroup;
			children = (
				E7977491B759A23494D3945D /* Pods-coWeave.debug.xcconfig */,
				4A67D0AC5A03BF14CCF6EB1D /* Pods-coWeave.release.xcconfig */,
			);
			name = Pods;
			sourceTree = "<group>";
		};
		FAEF7FE42CBCC25352F453F3 /* Frameworks */ = {
			isa = PBXGroup;
			children = (
				0547AC391FBCC39900432850 /* Fusuma.framework */,
				0547AC371FBCC39600432850 /* iOSPhotoEditor.framework */,
				0547AC351FBCC39200432850 /* Pods_coWeave.framework */,
				2B4B8229BD6A7CAE0079CD1D /* Pods_coWeave.framework */,
			);
			name = Frameworks;
			sourceTree = "<group>";
		};
/* End PBXGroup section */

/* Begin PBXNativeTarget section */
		056C70E01FBB496D00E79CA1 /* coWeave */ = {
			isa = PBXNativeTarget;
			buildConfigurationList = 056C710C1FBB496D00E79CA1 /* Build configuration list for PBXNativeTarget "coWeave" */;
			buildPhases = (
				879AEA76563C42520868FB0F /* [CP] Check Pods Manifest.lock */,
				056C70DD1FBB496D00E79CA1 /* Sources */,
				056C70DE1FBB496D00E79CA1 /* Frameworks */,
				056C70DF1FBB496D00E79CA1 /* Resources */,
				416EC412C431069495F065B9 /* [CP] Embed Pods Frameworks */,
				2788FD2B2090267E690DD522 /* [CP] Copy Pods Resources */,
				05D6591F1FBCC8CD009019A9 /* ShellScript */,
			);
			buildRules = (
			);
			dependencies = (
			);
			name = coWeave;
			productName = eduFresh;
			productReference = 056C70E11FBB496D00E79CA1 /* coWeave.app */;
			productType = "com.apple.product-type.application";
		};
		056C70F71FBB496D00E79CA1 /* coWeaveTests */ = {
			isa = PBXNativeTarget;
			buildConfigurationList = 056C710F1FBB496D00E79CA1 /* Build configuration list for PBXNativeTarget "coWeaveTests" */;
			buildPhases = (
				056C70F41FBB496D00E79CA1 /* Sources */,
				056C70F51FBB496D00E79CA1 /* Frameworks */,
				056C70F61FBB496D00E79CA1 /* Resources */,
			);
			buildRules = (
			);
			dependencies = (
				056C70FA1FBB496D00E79CA1 /* PBXTargetDependency */,
			);
			name = coWeaveTests;
			productName = eduFreshTests;
			productReference = 056C70F81FBB496D00E79CA1 /* coWeaveTests.xctest */;
			productType = "com.apple.product-type.bundle.unit-test";
		};
		056C71021FBB496D00E79CA1 /* coWeaveUITests */ = {
			isa = PBXNativeTarget;
			buildConfigurationList = 056C71121FBB496D00E79CA1 /* Build configuration list for PBXNativeTarget "coWeaveUITests" */;
			buildPhases = (
				056C70FF1FBB496D00E79CA1 /* Sources */,
				056C71001FBB496D00E79CA1 /* Frameworks */,
				056C71011FBB496D00E79CA1 /* Resources */,
			);
			buildRules = (
			);
			dependencies = (
				056C71051FBB496D00E79CA1 /* PBXTargetDependency */,
			);
			name = coWeaveUITests;
			productName = eduFreshUITests;
			productReference = 056C71031FBB496D00E79CA1 /* coWeaveUITests.xctest */;
			productType = "com.apple.product-type.bundle.ui-testing";
		};
/* End PBXNativeTarget section */

/* Begin PBXProject section */
		056C70D91FBB496D00E79CA1 /* Project object */ = {
			isa = PBXProject;
			attributes = {
				LastSwiftUpdateCheck = 0910;
				LastUpgradeCheck = 0910;
				ORGANIZATIONNAME = "Benoît Frisch";
				TargetAttributes = {
					056C70E01FBB496D00E79CA1 = {
						CreatedOnToolsVersion = 9.1;
						LastSwiftMigration = 0910;
						ProvisioningStyle = Automatic;
					};
					056C70F71FBB496D00E79CA1 = {
						CreatedOnToolsVersion = 9.1;
						ProvisioningStyle = Automatic;
						TestTargetID = 056C70E01FBB496D00E79CA1;
					};
					056C71021FBB496D00E79CA1 = {
						CreatedOnToolsVersion = 9.1;
						ProvisioningStyle = Automatic;
						TestTargetID = 056C70E01FBB496D00E79CA1;
					};
				};
			};
			buildConfigurationList = 056C70DC1FBB496D00E79CA1 /* Build configuration list for PBXProject "coWeave" */;
			compatibilityVersion = "Xcode 8.0";
			developmentRegion = en;
			hasScannedForEncodings = 0;
			knownRegions = (
				en,
				Base,
			);
			mainGroup = 056C70D81FBB496D00E79CA1;
			productRefGroup = 056C70E21FBB496D00E79CA1 /* Products */;
			projectDirPath = "";
			projectRoot = "";
			targets = (
				056C70E01FBB496D00E79CA1 /* coWeave */,
				056C70F71FBB496D00E79CA1 /* coWeaveTests */,
				056C71021FBB496D00E79CA1 /* coWeaveUITests */,
			);
		};
/* End PBXProject section */

/* Begin PBXResourcesBuildPhase section */
		056C70DF1FBB496D00E79CA1 /* Resources */ = {
			isa = PBXResourcesBuildPhase;
			buildActionMask = 2147483647;
			files = (
				056C70F21FBB496D00E79CA1 /* LaunchScreen.storyboard in Resources */,
				056C70EF1FBB496D00E79CA1 /* Assets.xcassets in Resources */,
				056C71231FBBB83D00E79CA1 /* Podfile in Resources */,
				056C70EA1FBB496D00E79CA1 /* Main.storyboard in Resources */,
			);
			runOnlyForDeploymentPostprocessing = 0;
		};
		056C70F61FBB496D00E79CA1 /* Resources */ = {
			isa = PBXResourcesBuildPhase;
			buildActionMask = 2147483647;
			files = (
			);
			runOnlyForDeploymentPostprocessing = 0;
		};
		056C71011FBB496D00E79CA1 /* Resources */ = {
			isa = PBXResourcesBuildPhase;
			buildActionMask = 2147483647;
			files = (
			);
			runOnlyForDeploymentPostprocessing = 0;
		};
/* End PBXResourcesBuildPhase section */

/* Begin PBXShellScriptBuildPhase section */
		05D6591F1FBCC8CD009019A9 /* ShellScript */ = {
			isa = PBXShellScriptBuildPhase;
			buildActionMask = 2147483647;
			files = (
			);
			inputPaths = (
			);
			outputPaths = (
			);
			runOnlyForDeploymentPostprocessing = 0;
			shellPath = /bin/sh;
			shellScript = "\"$BUILT_PRODUCTS_DIR/$FRAMEWORKS_FOLDER_PATH/AudioKit.framework/fix-framework.sh\"";
		};
		2788FD2B2090267E690DD522 /* [CP] Copy Pods Resources */ = {
			isa = PBXShellScriptBuildPhase;
			buildActionMask = 2147483647;
			files = (
			);
			inputPaths = (
			);
			name = "[CP] Copy Pods Resources";
			outputPaths = (
			);
			runOnlyForDeploymentPostprocessing = 0;
			shellPath = /bin/sh;
			shellScript = "\"${SRCROOT}/Pods/Target Support Files/Pods-coWeave/Pods-coWeave-resources.sh\"\n";
			showEnvVarsInLog = 0;
		};
		416EC412C431069495F065B9 /* [CP] Embed Pods Frameworks */ = {
			isa = PBXShellScriptBuildPhase;
			buildActionMask = 2147483647;
			files = (
			);
			inputPaths = (
				"${SRCROOT}/Pods/Target Support Files/Pods-coWeave/Pods-coWeave-frameworks.sh",
				"${PODS_ROOT}/AudioKit/iOS/AudioKit.framework",
				"${PODS_ROOT}/AudioKit/iOS/AudioKitUI.framework",
				"${BUILT_PRODUCTS_DIR}/Fusuma/Fusuma.framework",
				"${BUILT_PRODUCTS_DIR}/iOSPhotoEditor/iOSPhotoEditor.framework",
			);
			name = "[CP] Embed Pods Frameworks";
			outputPaths = (
				"${TARGET_BUILD_DIR}/${FRAMEWORKS_FOLDER_PATH}/AudioKit.framework",
				"${TARGET_BUILD_DIR}/${FRAMEWORKS_FOLDER_PATH}/AudioKitUI.framework",
				"${TARGET_BUILD_DIR}/${FRAMEWORKS_FOLDER_PATH}/Fusuma.framework",
				"${TARGET_BUILD_DIR}/${FRAMEWORKS_FOLDER_PATH}/iOSPhotoEditor.framework",
			);
			runOnlyForDeploymentPostprocessing = 0;
			shellPath = /bin/sh;
			shellScript = "\"${SRCROOT}/Pods/Target Support Files/Pods-coWeave/Pods-coWeave-frameworks.sh\"\n";
			showEnvVarsInLog = 0;
		};
		879AEA76563C42520868FB0F /* [CP] Check Pods Manifest.lock */ = {
			isa = PBXShellScriptBuildPhase;
			buildActionMask = 2147483647;
			files = (
			);
			inputPaths = (
				"${PODS_PODFILE_DIR_PATH}/Podfile.lock",
				"${PODS_ROOT}/Manifest.lock",
			);
			name = "[CP] Check Pods Manifest.lock";
			outputPaths = (
				"$(DERIVED_FILE_DIR)/Pods-coWeave-checkManifestLockResult.txt",
			);
			runOnlyForDeploymentPostprocessing = 0;
			shellPath = /bin/sh;
			shellScript = "diff \"${PODS_PODFILE_DIR_PATH}/Podfile.lock\" \"${PODS_ROOT}/Manifest.lock\" > /dev/null\nif [ $? != 0 ] ; then\n    # print error to STDERR\n    echo \"error: The sandbox is not in sync with the Podfile.lock. Run 'pod install' or update your CocoaPods installation.\" >&2\n    exit 1\nfi\n# This output is used by Xcode 'outputs' to avoid re-running this script phase.\necho \"SUCCESS\" > \"${SCRIPT_OUTPUT_FILE_0}\"\n";
			showEnvVarsInLog = 0;
		};
/* End PBXShellScriptBuildPhase section */

/* Begin PBXSourcesBuildPhase section */
		056C70DD1FBB496D00E79CA1 /* Sources */ = {
			isa = PBXSourcesBuildPhase;
			buildActionMask = 2147483647;
			files = (
				05F70E471FBCF1FB007FD9E4 /* Page+CoreDataClass.swift in Sources */,
				056C71201FBBB42700E79CA1 /* DocumentDetailNavigationViewController.swift in Sources */,
				056C71271FBBC1B200E79CA1 /* AudioRecordViewController.swift in Sources */,
				056C70E71FBB496D00E79CA1 /* ViewController.swift in Sources */,
				05F70E451FBCF1FB007FD9E4 /* Image+CoreDataClass.swift in Sources */,
				052982C91FBDE9D2002C0ACA /* coWeaveStack.swift in Sources */,
				05F70E491FBCF1FB007FD9E4 /* Group+CoreDataClass.swift in Sources */,
				056C711E1FBBB40100E79CA1 /* DocumentDetailViewController.swift in Sources */,
				05F70E481FBCF1FB007FD9E4 /* Page+CoreDataProperties.swift in Sources */,
				05F70E4A1FBCF1FB007FD9E4 /* Group+CoreDataProperties.swift in Sources */,
				05F70E461FBCF1FB007FD9E4 /* Image+CoreDataProperties.swift in Sources */,
				05F70E4C1FBCF1FB007FD9E4 /* User+CoreDataProperties.swift in Sources */,
				056C71181FBBB3B500E79CA1 /* DocumentsNavigationViewController.swift in Sources */,
				056C71161FBBB37A00E79CA1 /* DocumentsViewController.swift in Sources */,
				05F70E441FBCF1FB007FD9E4 /* Document+CoreDataProperties.swift in Sources */,
				056C70E51FBB496D00E79CA1 /* AppDelegate.swift in Sources */,
				05F70E4B1FBCF1FB007FD9E4 /* User+CoreDataClass.swift in Sources */,
				05D659251FBCDB61009019A9 /* coWeave.xcdatamodeld in Sources */,
				0533C7AF1FBE39A800824753 /* OpenDocumentsTableViewController.swift in Sources */,
				05F70E431FBCF1FB007FD9E4 /* Document+CoreDataClass.swift in Sources */,
				056C711A1FBBB3C700E79CA1 /* RootTabBarViewController.swift in Sources */,
			);
			runOnlyForDeploymentPostprocessing = 0;
		};
		056C70F41FBB496D00E79CA1 /* Sources */ = {
			isa = PBXSourcesBuildPhase;
			buildActionMask = 2147483647;
			files = (
				056C70FD1FBB496D00E79CA1 /* coWeaveTests.swift in Sources */,
			);
			runOnlyForDeploymentPostprocessing = 0;
		};
		056C70FF1FBB496D00E79CA1 /* Sources */ = {
			isa = PBXSourcesBuildPhase;
			buildActionMask = 2147483647;
			files = (
				056C71081FBB496D00E79CA1 /* coWeaveUITests.swift in Sources */,
			);
			runOnlyForDeploymentPostprocessing = 0;
		};
/* End PBXSourcesBuildPhase section */

/* Begin PBXTargetDependency section */
		056C70FA1FBB496D00E79CA1 /* PBXTargetDependency */ = {
			isa = PBXTargetDependency;
			target = 056C70E01FBB496D00E79CA1 /* coWeave */;
			targetProxy = 056C70F91FBB496D00E79CA1 /* PBXContainerItemProxy */;
		};
		056C71051FBB496D00E79CA1 /* PBXTargetDependency */ = {
			isa = PBXTargetDependency;
			target = 056C70E01FBB496D00E79CA1 /* coWeave */;
			targetProxy = 056C71041FBB496D00E79CA1 /* PBXContainerItemProxy */;
		};
/* End PBXTargetDependency section */

/* Begin PBXVariantGroup section */
		056C70E81FBB496D00E79CA1 /* Main.storyboard */ = {
			isa = PBXVariantGroup;
			children = (
				056C70E91FBB496D00E79CA1 /* Base */,
			);
			name = Main.storyboard;
			sourceTree = "<group>";
		};
		056C70F01FBB496D00E79CA1 /* LaunchScreen.storyboard */ = {
			isa = PBXVariantGroup;
			children = (
				056C70F11FBB496D00E79CA1 /* Base */,
			);
			name = LaunchScreen.storyboard;
			sourceTree = "<group>";
		};
/* End PBXVariantGroup section */

/* Begin XCBuildConfiguration section */
		056C710A1FBB496D00E79CA1 /* Debug */ = {
			isa = XCBuildConfiguration;
			buildSettings = {
				ALWAYS_SEARCH_USER_PATHS = NO;
				CLANG_ANALYZER_NONNULL = YES;
				CLANG_ANALYZER_NUMBER_OBJECT_CONVERSION = YES_AGGRESSIVE;
				CLANG_CXX_LANGUAGE_STANDARD = "gnu++14";
				CLANG_CXX_LIBRARY = "libc++";
				CLANG_ENABLE_MODULES = YES;
				CLANG_ENABLE_OBJC_ARC = YES;
				CLANG_WARN_BLOCK_CAPTURE_AUTORELEASING = YES;
				CLANG_WARN_BOOL_CONVERSION = YES;
				CLANG_WARN_COMMA = YES;
				CLANG_WARN_CONSTANT_CONVERSION = YES;
				CLANG_WARN_DIRECT_OBJC_ISA_USAGE = YES_ERROR;
				CLANG_WARN_DOCUMENTATION_COMMENTS = YES;
				CLANG_WARN_EMPTY_BODY = YES;
				CLANG_WARN_ENUM_CONVERSION = YES;
				CLANG_WARN_INFINITE_RECURSION = YES;
				CLANG_WARN_INT_CONVERSION = YES;
				CLANG_WARN_NON_LITERAL_NULL_CONVERSION = YES;
				CLANG_WARN_OBJC_LITERAL_CONVERSION = YES;
				CLANG_WARN_OBJC_ROOT_CLASS = YES_ERROR;
				CLANG_WARN_RANGE_LOOP_ANALYSIS = YES;
				CLANG_WARN_STRICT_PROTOTYPES = YES;
				CLANG_WARN_SUSPICIOUS_MOVE = YES;
				CLANG_WARN_UNGUARDED_AVAILABILITY = YES_AGGRESSIVE;
				CLANG_WARN_UNREACHABLE_CODE = YES;
				CLANG_WARN__DUPLICATE_METHOD_MATCH = YES;
				CODE_SIGN_IDENTITY = "iPhone Developer";
				COPY_PHASE_STRIP = NO;
				DEBUG_INFORMATION_FORMAT = dwarf;
				ENABLE_STRICT_OBJC_MSGSEND = YES;
				ENABLE_TESTABILITY = YES;
				GCC_C_LANGUAGE_STANDARD = gnu11;
				GCC_DYNAMIC_NO_PIC = NO;
				GCC_NO_COMMON_BLOCKS = YES;
				GCC_OPTIMIZATION_LEVEL = 0;
				GCC_PREPROCESSOR_DEFINITIONS = (
					"DEBUG=1",
					"$(inherited)",
				);
				GCC_WARN_64_TO_32_BIT_CONVERSION = YES;
				GCC_WARN_ABOUT_RETURN_TYPE = YES_ERROR;
				GCC_WARN_UNDECLARED_SELECTOR = YES;
				GCC_WARN_UNINITIALIZED_AUTOS = YES_AGGRESSIVE;
				GCC_WARN_UNUSED_FUNCTION = YES;
				GCC_WARN_UNUSED_VARIABLE = YES;
				IPHONEOS_DEPLOYMENT_TARGET = 11.1;
				MTL_ENABLE_DEBUG_INFO = YES;
				ONLY_ACTIVE_ARCH = YES;
				SDKROOT = iphoneos;
				SWIFT_ACTIVE_COMPILATION_CONDITIONS = DEBUG;
				SWIFT_OPTIMIZATION_LEVEL = "-Onone";
			};
			name = Debug;
		};
		056C710B1FBB496D00E79CA1 /* Release */ = {
			isa = XCBuildConfiguration;
			buildSettings = {
				ALWAYS_SEARCH_USER_PATHS = NO;
				CLANG_ANALYZER_NONNULL = YES;
				CLANG_ANALYZER_NUMBER_OBJECT_CONVERSION = YES_AGGRESSIVE;
				CLANG_CXX_LANGUAGE_STANDARD = "gnu++14";
				CLANG_CXX_LIBRARY = "libc++";
				CLANG_ENABLE_MODULES = YES;
				CLANG_ENABLE_OBJC_ARC = YES;
				CLANG_WARN_BLOCK_CAPTURE_AUTORELEASING = YES;
				CLANG_WARN_BOOL_CONVERSION = YES;
				CLANG_WARN_COMMA = YES;
				CLANG_WARN_CONSTANT_CONVERSION = YES;
				CLANG_WARN_DIRECT_OBJC_ISA_USAGE = YES_ERROR;
				CLANG_WARN_DOCUMENTATION_COMMENTS = YES;
				CLANG_WARN_EMPTY_BODY = YES;
				CLANG_WARN_ENUM_CONVERSION = YES;
				CLANG_WARN_INFINITE_RECURSION = YES;
				CLANG_WARN_INT_CONVERSION = YES;
				CLANG_WARN_NON_LITERAL_NULL_CONVERSION = YES;
				CLANG_WARN_OBJC_LITERAL_CONVERSION = YES;
				CLANG_WARN_OBJC_ROOT_CLASS = YES_ERROR;
				CLANG_WARN_RANGE_LOOP_ANALYSIS = YES;
				CLANG_WARN_STRICT_PROTOTYPES = YES;
				CLANG_WARN_SUSPICIOUS_MOVE = YES;
				CLANG_WARN_UNGUARDED_AVAILABILITY = YES_AGGRESSIVE;
				CLANG_WARN_UNREACHABLE_CODE = YES;
				CLANG_WARN__DUPLICATE_METHOD_MATCH = YES;
				CODE_SIGN_IDENTITY = "iPhone Developer";
				COPY_PHASE_STRIP = NO;
				DEBUG_INFORMATION_FORMAT = "dwarf-with-dsym";
				ENABLE_NS_ASSERTIONS = NO;
				ENABLE_STRICT_OBJC_MSGSEND = YES;
				GCC_C_LANGUAGE_STANDARD = gnu11;
				GCC_NO_COMMON_BLOCKS = YES;
				GCC_WARN_64_TO_32_BIT_CONVERSION = YES;
				GCC_WARN_ABOUT_RETURN_TYPE = YES_ERROR;
				GCC_WARN_UNDECLARED_SELECTOR = YES;
				GCC_WARN_UNINITIALIZED_AUTOS = YES_AGGRESSIVE;
				GCC_WARN_UNUSED_FUNCTION = YES;
				GCC_WARN_UNUSED_VARIABLE = YES;
				IPHONEOS_DEPLOYMENT_TARGET = 11.1;
				MTL_ENABLE_DEBUG_INFO = NO;
				SDKROOT = iphoneos;
				SWIFT_OPTIMIZATION_LEVEL = "-Owholemodule";
				VALIDATE_PRODUCT = YES;
			};
			name = Release;
		};
		056C710D1FBB496D00E79CA1 /* Debug */ = {
			isa = XCBuildConfiguration;
			baseConfigurationReference = E7977491B759A23494D3945D /* Pods-coWeave.debug.xcconfig */;
			buildSettings = {
				ASSETCATALOG_COMPILER_APPICON_NAME = AppIcon;
				CODE_SIGN_STYLE = Automatic;
				DEVELOPMENT_TEAM = 82T63N97ZX;
				INFOPLIST_FILE = "$(SRCROOT)/coWeave/Info.plist";
				IPHONEOS_DEPLOYMENT_TARGET = 10.0;
				LD_RUNPATH_SEARCH_PATHS = "$(inherited) @executable_path/Frameworks";
				PRODUCT_BUNDLE_IDENTIFIER = lu.coweave.app;
				PRODUCT_NAME = "$(TARGET_NAME)";
				SWIFT_VERSION = 3.0;
				TARGETED_DEVICE_FAMILY = "1,2";
			};
			name = Debug;
		};
		056C710E1FBB496D00E79CA1 /* Release */ = {
			isa = XCBuildConfiguration;
			baseConfigurationReference = 4A67D0AC5A03BF14CCF6EB1D /* Pods-coWeave.release.xcconfig */;
			buildSettings = {
				ASSETCATALOG_COMPILER_APPICON_NAME = AppIcon;
				CODE_SIGN_STYLE = Automatic;
				DEVELOPMENT_TEAM = 82T63N97ZX;
				FRAMEWORK_SEARCH_PATHS = (
					"$(inherited)",
					"\"$PODS_CONFIGURATION_BUILD_DIR/Fusuma\"",
					"\"$PODS_CONFIGURATION_BUILD_DIR/iOSPhotoEditor\"",
					"\"${PODS_ROOT}/AudioKit/iOS\"",
				);
				INFOPLIST_FILE = "$(SRCROOT)/coWeave/Info.plist";
				IPHONEOS_DEPLOYMENT_TARGET = 10.0;
				LD_RUNPATH_SEARCH_PATHS = "$(inherited) @executable_path/Frameworks";
				PRODUCT_BUNDLE_IDENTIFIER = lu.coweave.app;
				PRODUCT_NAME = "$(TARGET_NAME)";
				SWIFT_VERSION = 3.0;
				TARGETED_DEVICE_FAMILY = "1,2";
			};
			name = Release;
		};
		056C71101FBB496D00E79CA1 /* Debug */ = {
			isa = XCBuildConfiguration;
			buildSettings = {
				ALWAYS_EMBED_SWIFT_STANDARD_LIBRARIES = YES;
				BUNDLE_LOADER = "$(TEST_HOST)";
				CODE_SIGN_STYLE = Automatic;
				DEVELOPMENT_TEAM = 82T63N97ZX;
				INFOPLIST_FILE = eduFreshTests/Info.plist;
				LD_RUNPATH_SEARCH_PATHS = "$(inherited) @executable_path/Frameworks @loader_path/Frameworks";
				PRODUCT_BUNDLE_IDENTIFIER = lu.fresh.eduFreshTests;
				PRODUCT_NAME = "$(TARGET_NAME)";
				SWIFT_VERSION = 4.0;
				TARGETED_DEVICE_FAMILY = "1,2";
				TEST_HOST = "$(BUILT_PRODUCTS_DIR)/coWeave.app/coWeave";
			};
			name = Debug;
		};
		056C71111FBB496D00E79CA1 /* Release */ = {
			isa = XCBuildConfiguration;
			buildSettings = {
				ALWAYS_EMBED_SWIFT_STANDARD_LIBRARIES = YES;
				BUNDLE_LOADER = "$(TEST_HOST)";
				CODE_SIGN_STYLE = Automatic;
				DEVELOPMENT_TEAM = 82T63N97ZX;
				INFOPLIST_FILE = eduFreshTests/Info.plist;
				LD_RUNPATH_SEARCH_PATHS = "$(inherited) @executable_path/Frameworks @loader_path/Frameworks";
				PRODUCT_BUNDLE_IDENTIFIER = lu.fresh.eduFreshTests;
				PRODUCT_NAME = "$(TARGET_NAME)";
				SWIFT_VERSION = 4.0;
				TARGETED_DEVICE_FAMILY = "1,2";
				TEST_HOST = "$(BUILT_PRODUCTS_DIR)/coWeave.app/coWeave";
			};
			name = Release;
		};
		056C71131FBB496D00E79CA1 /* Debug */ = {
			isa = XCBuildConfiguration;
			buildSettings = {
				ALWAYS_EMBED_SWIFT_STANDARD_LIBRARIES = YES;
				CODE_SIGN_STYLE = Automatic;
				DEVELOPMENT_TEAM = 82T63N97ZX;
				INFOPLIST_FILE = eduFreshUITests/Info.plist;
				LD_RUNPATH_SEARCH_PATHS = "$(inherited) @executable_path/Frameworks @loader_path/Frameworks";
				PRODUCT_BUNDLE_IDENTIFIER = lu.fresh.eduFreshUITests;
				PRODUCT_NAME = "$(TARGET_NAME)";
				SWIFT_VERSION = 4.0;
				TARGETED_DEVICE_FAMILY = "1,2";
				TEST_TARGET_NAME = eduFresh;
			};
			name = Debug;
		};
		056C71141FBB496D00E79CA1 /* Release */ = {
			isa = XCBuildConfiguration;
			buildSettings = {
				ALWAYS_EMBED_SWIFT_STANDARD_LIBRARIES = YES;
				CODE_SIGN_STYLE = Automatic;
				DEVELOPMENT_TEAM = 82T63N97ZX;
				INFOPLIST_FILE = eduFreshUITests/Info.plist;
				LD_RUNPATH_SEARCH_PATHS = "$(inherited) @executable_path/Frameworks @loader_path/Frameworks";
				PRODUCT_BUNDLE_IDENTIFIER = lu.fresh.eduFreshUITests;
				PRODUCT_NAME = "$(TARGET_NAME)";
				SWIFT_VERSION = 4.0;
				TARGETED_DEVICE_FAMILY = "1,2";
				TEST_TARGET_NAME = eduFresh;
			};
			name = Release;
		};
/* End XCBuildConfiguration section */

/* Begin XCConfigurationList section */
		056C70DC1FBB496D00E79CA1 /* Build configuration list for PBXProject "coWeave" */ = {
			isa = XCConfigurationList;
			buildConfigurations = (
				056C710A1FBB496D00E79CA1 /* Debug */,
				056C710B1FBB496D00E79CA1 /* Release */,
			);
			defaultConfigurationIsVisible = 0;
			defaultConfigurationName = Release;
		};
		056C710C1FBB496D00E79CA1 /* Build configuration list for PBXNativeTarget "coWeave" */ = {
			isa = XCConfigurationList;
			buildConfigurations = (
				056C710D1FBB496D00E79CA1 /* Debug */,
				056C710E1FBB496D00E79CA1 /* Release */,
			);
			defaultConfigurationIsVisible = 0;
			defaultConfigurationName = Release;
		};
		056C710F1FBB496D00E79CA1 /* Build configuration list for PBXNativeTarget "coWeaveTests" */ = {
			isa = XCConfigurationList;
			buildConfigurations = (
				056C71101FBB496D00E79CA1 /* Debug */,
				056C71111FBB496D00E79CA1 /* Release */,
			);
			defaultConfigurationIsVisible = 0;
			defaultConfigurationName = Release;
		};
		056C71121FBB496D00E79CA1 /* Build configuration list for PBXNativeTarget "coWeaveUITests" */ = {
			isa = XCConfigurationList;
			buildConfigurations = (
				056C71131FBB496D00E79CA1 /* Debug */,
				056C71141FBB496D00E79CA1 /* Release */,
			);
			defaultConfigurationIsVisible = 0;
			defaultConfigurationName = Release;
		};
/* End XCConfigurationList section */

/* Begin XCVersionGroup section */
		05D659231FBCDB61009019A9 /* coWeave.xcdatamodeld */ = {
			isa = XCVersionGroup;
			children = (
				052982CB1FBE0F2A002C0ACA /* coWeave 2.xcdatamodel */,
				05D659241FBCDB61009019A9 /* coWeave1.xcdatamodel */,
			);
			currentVersion = 052982CB1FBE0F2A002C0ACA /* coWeave 2.xcdatamodel */;
			path = coWeave.xcdatamodeld;
			sourceTree = "<group>";
			versionGroupType = wrapper.xcdatamodel;
		};
/* End XCVersionGroup section */
	};
	rootObject = 056C70D91FBB496D00E79CA1 /* Project object */;
}
